
Microsoft Visual Studio Solution File, Format Version 12.00
# Visual Studio Version 17
VisualStudioVersion = 17.1.32407.343
MinimumVisualStudioVersion = 10.0.40219.1
Project("{9A19103F-16F7-4668-BE54-9A1E7A4F7556}") = "ExtraMathNet", "ExtraMathNet\ExtraMathNet.csproj", "{9042DC6D-29D6-4EC7-98DE-77C04E73B318}"
EndProject
Project("{FAE04EC0-301F-11D3-BF4B-00C04F79EFBC}") = "ExtraMathNet.Tests", "ExtraMathNet.Tests\ExtraMathNet.Tests.csproj", "{FF28B367-C3ED-43B1-98B6-5364FAA1CCD4}"
EndProject
Global
	GlobalSection(SolutionConfigurationPlatforms) = preSolution
		Debug|Any CPU = Debug|Any CPU
		Release|Any CPU = Release|Any CPU
	EndGlobalSection
	GlobalSection(ProjectConfigurationPlatforms) = postSolution
		{9042DC6D-29D6-4EC7-98DE-77C04E73B318}.Debug|Any CPU.ActiveCfg = Debug|Any CPU
		{9042DC6D-29D6-4EC7-98DE-77C04E73B318}.Debug|Any CPU.Build.0 = Debug|Any CPU
		{9042DC6D-29D6-4EC7-98DE-77C04E73B318}.Release|Any CPU.ActiveCfg = Release|Any CPU
		{9042DC6D-29D6-4EC7-98DE-77C04E73B318}.Release|Any CPU.Build.0 = Release|Any CPU
		{FF28B367-C3ED-43B1-98B6-5364FAA1CCD4}.Debug|Any CPU.ActiveCfg = Debug|Any CPU
		{FF28B367-C3ED-43B1-98B6-5364FAA1CCD4}.Debug|Any CPU.Build.0 = Debug|Any CPU
		{FF28B367-C3ED-43B1-98B6-5364FAA1CCD4}.Release|Any CPU.ActiveCfg = Release|Any CPU
		{FF28B367-C3ED-43B1-98B6-5364FAA1CCD4}.Release|Any CPU.Build.0 = Release|Any CPU
	EndGlobalSection
	GlobalSection(SolutionProperties) = preSolution
		HideSolutionNode = FALSE
	EndGlobalSection
	GlobalSection(ExtensibilityGlobals) = postSolution
		SolutionGuid = {6F77E6CA-622C-4DA2-993C-2E971021DED9}
	EndGlobalSection
EndGlobal
